// !$*UTF8*$!
{
	archiveVersion = 1;
	classes = {
	};
	objectVersion = 50;
	objects = {

/* Begin PBXBuildFile section */
		9D3EF31D2267D6E000393FC1 /* AppDelegate.swift in Sources */ = {isa = PBXBuildFile; fileRef = 9D3EF31C2267D6E000393FC1 /* AppDelegate.swift */; };
		9D3EF31F2267D6E000393FC1 /* AddEmailViewController.swift in Sources */ = {isa = PBXBuildFile; fileRef = 9D3EF31E2267D6E000393FC1 /* AddEmailViewController.swift */; };
		9D3EF3222267D6E000393FC1 /* Main.storyboard in Resources */ = {isa = PBXBuildFile; fileRef = 9D3EF3202267D6E000393FC1 /* Main.storyboard */; };
		9D3EF3242267D6E100393FC1 /* Assets.xcassets in Resources */ = {isa = PBXBuildFile; fileRef = 9D3EF3232267D6E100393FC1 /* Assets.xcassets */; };
		9D3EF3272267D6E100393FC1 /* LaunchScreen.storyboard in Resources */ = {isa = PBXBuildFile; fileRef = 9D3EF3252267D6E100393FC1 /* LaunchScreen.storyboard */; };
		9D3EF3322267D6E100393FC1 /* ViewControllerTests.swift in Sources */ = {isa = PBXBuildFile; fileRef = 9D3EF3312267D6E100393FC1 /* ViewControllerTests.swift */; };
		9D3EF33D2267E15500393FC1 /* AddPasswordViewController.swift in Sources */ = {isa = PBXBuildFile; fileRef = 9D3EF33C2267E15500393FC1 /* AddPasswordViewController.swift */; };
		9D3EF33F2267E69600393FC1 /* AddCreditCardViewController.swift in Sources */ = {isa = PBXBuildFile; fileRef = 9D3EF33E2267E69600393FC1 /* AddCreditCardViewController.swift */; };
		9D3EF3412267FAD600393FC1 /* FormValidator.swift in Sources */ = {isa = PBXBuildFile; fileRef = 9D3EF3402267FAD600393FC1 /* FormValidator.swift */; };
		9D3EF3432267FAF100393FC1 /* FormValidatorTests.swift in Sources */ = {isa = PBXBuildFile; fileRef = 9D3EF3422267FAF100393FC1 /* FormValidatorTests.swift */; };
/* End PBXBuildFile section */

/* Begin PBXContainerItemProxy section */
		9D3EF32E2267D6E100393FC1 /* PBXContainerItemProxy */ = {
			isa = PBXContainerItemProxy;
			containerPortal = 9D3EF3112267D6E000393FC1 /* Project object */;
			proxyType = 1;
			remoteGlobalIDString = 9D3EF3182267D6E000393FC1;
			remoteInfo = POPinOffWithTesting;
		};
/* End PBXContainerItemProxy section */

/* Begin PBXFileReference section */
		9D3EF3192267D6E000393FC1 /* POPinOffWithTesting.app */ = {isa = PBXFileReference; explicitFileType = wrapper.application; includeInIndex = 0; path = POPinOffWithTesting.app; sourceTree = BUILT_PRODUCTS_DIR; };
		9D3EF31C2267D6E000393FC1 /* AppDelegate.swift */ = {isa = PBXFileReference; lastKnownFileType = sourcecode.swift; path = AppDelegate.swift; sourceTree = "<group>"; };
		9D3EF31E2267D6E000393FC1 /* AddEmailViewController.swift */ = {isa = PBXFileReference; lastKnownFileType = sourcecode.swift; path = AddEmailViewController.swift; sourceTree = "<group>"; };
		9D3EF3212267D6E000393FC1 /* Base */ = {isa = PBXFileReference; lastKnownFileType = file.storyboard; name = Base; path = Base.lproj/Main.storyboard; sourceTree = "<group>"; };
		9D3EF3232267D6E100393FC1 /* Assets.xcassets */ = {isa = PBXFileReference; lastKnownFileType = folder.assetcatalog; path = Assets.xcassets; sourceTree = "<group>"; };
		9D3EF3262267D6E100393FC1 /* Base */ = {isa = PBXFileReference; lastKnownFileType = file.storyboard; name = Base; path = Base.lproj/LaunchScreen.storyboard; sourceTree = "<group>"; };
		9D3EF3282267D6E100393FC1 /* Info.plist */ = {isa = PBXFileReference; lastKnownFileType = text.plist.xml; path = Info.plist; sourceTree = "<group>"; };
		9D3EF32D2267D6E100393FC1 /* POPinOffWithTestingTests.xctest */ = {isa = PBXFileReference; explicitFileType = wrapper.cfbundle; includeInIndex = 0; path = POPinOffWithTestingTests.xctest; sourceTree = BUILT_PRODUCTS_DIR; };
		9D3EF3312267D6E100393FC1 /* ViewControllerTests.swift */ = {isa = PBXFileReference; lastKnownFileType = sourcecode.swift; path = ViewControllerTests.swift; sourceTree = "<group>"; };
		9D3EF3332267D6E100393FC1 /* Info.plist */ = {isa = PBXFileReference; lastKnownFileType = text.plist.xml; path = Info.plist; sourceTree = "<group>"; };
		9D3EF33C2267E15500393FC1 /* AddPasswordViewController.swift */ = {isa = PBXFileReference; lastKnownFileType = sourcecode.swift; path = AddPasswordViewController.swift; sourceTree = "<group>"; };
		9D3EF33E2267E69600393FC1 /* AddCreditCardViewController.swift */ = {isa = PBXFileReference; lastKnownFileType = sourcecode.swift; path = AddCreditCardViewController.swift; sourceTree = "<group>"; };
		9D3EF3402267FAD600393FC1 /* FormValidator.swift */ = {isa = PBXFileReference; lastKnownFileType = sourcecode.swift; path = FormValidator.swift; sourceTree = "<group>"; };
		9D3EF3422267FAF100393FC1 /* FormValidatorTests.swift */ = {isa = PBXFileReference; lastKnownFileType = sourcecode.swift; path = FormValidatorTests.swift; sourceTree = "<group>"; };
/* End PBXFileReference section */

/* Begin PBXFrameworksBuildPhase section */
		9D3EF3162267D6E000393FC1 /* Frameworks */ = {
			isa = PBXFrameworksBuildPhase;
			buildActionMask = 2147483647;
			files = (
			);
			runOnlyForDeploymentPostprocessing = 0;
		};
		9D3EF32A2267D6E100393FC1 /* Frameworks */ = {
			isa = PBXFrameworksBuildPhase;
			buildActionMask = 2147483647;
			files = (
			);
			runOnlyForDeploymentPostprocessing = 0;
		};
/* End PBXFrameworksBuildPhase section */

/* Begin PBXGroup section */
		9D3EF3102267D6E000393FC1 = {
			isa = PBXGroup;
			children = (
				9D3EF31B2267D6E000393FC1 /* POPinOffWithTesting */,
				9D3EF3302267D6E100393FC1 /* POPinOffWithTestingTests */,
				9D3EF31A2267D6E000393FC1 /* Products */,
			);
			sourceTree = "<group>";
		};
		9D3EF31A2267D6E000393FC1 /* Products */ = {
			isa = PBXGroup;
			children = (
				9D3EF3192267D6E000393FC1 /* POPinOffWithTesting.app */,
				9D3EF32D2267D6E100393FC1 /* POPinOffWithTestingTests.xctest */,
			);
			name = Products;
			sourceTree = "<group>";
		};
		9D3EF31B2267D6E000393FC1 /* POPinOffWithTesting */ = {
			isa = PBXGroup;
			children = (
				9D3EF31C2267D6E000393FC1 /* AppDelegate.swift */,
				9D3EF31E2267D6E000393FC1 /* AddEmailViewController.swift */,
				9D3EF33C2267E15500393FC1 /* AddPasswordViewController.swift */,
				9D3EF33E2267E69600393FC1 /* AddCreditCardViewController.swift */,
				9D3EF3202267D6E000393FC1 /* Main.storyboard */,
				9D3EF3232267D6E100393FC1 /* Assets.xcassets */,
				9D3EF3252267D6E100393FC1 /* LaunchScreen.storyboard */,
				9D3EF3282267D6E100393FC1 /* Info.plist */,
				9D3EF3402267FAD600393FC1 /* FormValidator.swift */,
			);
			path = POPinOffWithTesting;
			sourceTree = "<group>";
		};
		9D3EF3302267D6E100393FC1 /* POPinOffWithTestingTests */ = {
			isa = PBXGroup;
			children = (
				9D3EF3312267D6E100393FC1 /* ViewControllerTests.swift */,
				9D3EF3332267D6E100393FC1 /* Info.plist */,
				9D3EF3422267FAF100393FC1 /* FormValidatorTests.swift */,
			);
			path = POPinOffWithTestingTests;
			sourceTree = "<group>";
		};
/* End PBXGroup section */

/* Begin PBXNativeTarget section */
		9D3EF3182267D6E000393FC1 /* POPinOffWithTesting */ = {
			isa = PBXNativeTarget;
			buildConfigurationList = 9D3EF3362267D6E100393FC1 /* Build configuration list for PBXNativeTarget "POPinOffWithTesting" */;
			buildPhases = (
				9D3EF3152267D6E000393FC1 /* Sources */,
				9D3EF3162267D6E000393FC1 /* Frameworks */,
				9D3EF3172267D6E000393FC1 /* Resources */,
			);
			buildRules = (
			);
			dependencies = (
			);
			name = POPinOffWithTesting;
			productName = POPinOffWithTesting;
			productReference = 9D3EF3192267D6E000393FC1 /* POPinOffWithTesting.app */;
			productType = "com.apple.product-type.application";
		};
		9D3EF32C2267D6E100393FC1 /* POPinOffWithTestingTests */ = {
			isa = PBXNativeTarget;
			buildConfigurationList = 9D3EF3392267D6E100393FC1 /* Build configuration list for PBXNativeTarget "POPinOffWithTestingTests" */;
			buildPhases = (
				9D3EF3292267D6E100393FC1 /* Sources */,
				9D3EF32A2267D6E100393FC1 /* Frameworks */,
				9D3EF32B2267D6E100393FC1 /* Resources */,
			);
			buildRules = (
			);
			dependencies = (
				9D3EF32F2267D6E100393FC1 /* PBXTargetDependency */,
			);
			name = POPinOffWithTestingTests;
			productName = POPinOffWithTestingTests;
			productReference = 9D3EF32D2267D6E100393FC1 /* POPinOffWithTestingTests.xctest */;
			productType = "com.apple.product-type.bundle.unit-test";
		};
/* End PBXNativeTarget section */

/* Begin PBXProject section */
		9D3EF3112267D6E000393FC1 /* Project object */ = {
			isa = PBXProject;
			attributes = {
				LastSwiftUpdateCheck = 1020;
				LastUpgradeCheck = 1020;
				ORGANIZATIONNAME = "Sean Olszewski";
				TargetAttributes = {
					9D3EF3182267D6E000393FC1 = {
						CreatedOnToolsVersion = 10.2;
					};
					9D3EF32C2267D6E100393FC1 = {
						CreatedOnToolsVersion = 10.2;
						TestTargetID = 9D3EF3182267D6E000393FC1;
					};
				};
			};
			buildConfigurationList = 9D3EF3142267D6E000393FC1 /* Build configuration list for PBXProject "POPinOffWithTesting" */;
			compatibilityVersion = "Xcode 9.3";
			developmentRegion = en;
			hasScannedForEncodings = 0;
			knownRegions = (
				en,
				Base,
			);
			mainGroup = 9D3EF3102267D6E000393FC1;
			productRefGroup = 9D3EF31A2267D6E000393FC1 /* Products */;
			projectDirPath = "";
			projectRoot = "";
			targets = (
				9D3EF3182267D6E000393FC1 /* POPinOffWithTesting */,
				9D3EF32C2267D6E100393FC1 /* POPinOffWithTestingTests */,
			);
		};
/* End PBXProject section */

/* Begin PBXResourcesBuildPhase section */
		9D3EF3172267D6E000393FC1 /* Resources */ = {
			isa = PBXResourcesBuildPhase;
			buildActionMask = 2147483647;
			files = (
				9D3EF3272267D6E100393FC1 /* LaunchScreen.storyboard in Resources */,
				9D3EF3242267D6E100393FC1 /* Assets.xcassets in Resources */,
				9D3EF3222267D6E000393FC1 /* Main.storyboard in Resources */,
			);
			runOnlyForDeploymentPostprocessing = 0;
		};
		9D3EF32B2267D6E100393FC1 /* Resources */ = {
			isa = PBXResourcesBuildPhase;
			buildActionMask = 2147483647;
			files = (
			);
			runOnlyForDeploymentPostprocessing = 0;
		};
/* End PBXResourcesBuildPhase section */

/* Begin PBXSourcesBuildPhase section */
		9D3EF3152267D6E000393FC1 /* Sources */ = {
			isa = PBXSourcesBuildPhase;
			buildActionMask = 2147483647;
			files = (
				9D3EF3412267FAD600393FC1 /* FormValidator.swift in Sources */,
				9D3EF31F2267D6E000393FC1 /* AddEmailViewController.swift in Sources */,
				9D3EF31D2267D6E000393FC1 /* AppDelegate.swift in Sources */,
				9D3EF33D2267E15500393FC1 /* AddPasswordViewController.swift in Sources */,
				9D3EF33F2267E69600393FC1 /* AddCreditCardViewController.swift in Sources */,
			);
			runOnlyForDeploymentPostprocessing = 0;
		};
		9D3EF3292267D6E100393FC1 /* Sources */ = {
			isa = PBXSourcesBuildPhase;
			buildActionMask = 2147483647;
			files = (
				9D3EF3432267FAF100393FC1 /* FormValidatorTests.swift in Sources */,
				9D3EF3322267D6E100393FC1 /* ViewControllerTests.swift in Sources */,
			);
			runOnlyForDeploymentPostprocessing = 0;
		};
/* End PBXSourcesBuildPhase section */

/* Begin PBXTargetDependency section */
		9D3EF32F2267D6E100393FC1 /* PBXTargetDependency */ = {
			isa = PBXTargetDependency;
			target = 9D3EF3182267D6E000393FC1 /* POPinOffWithTesting */;
			targetProxy = 9D3EF32E2267D6E100393FC1 /* PBXContainerItemProxy */;
		};
/* End PBXTargetDependency section */

/* Begin PBXVariantGroup section */
		9D3EF3202267D6E000393FC1 /* Main.storyboard */ = {
			isa = PBXVariantGroup;
			children = (
				9D3EF3212267D6E000393FC1 /* Base */,
			);
			name = Main.storyboard;
			sourceTree = "<group>";
		};
		9D3EF3252267D6E100393FC1 /* LaunchScreen.storyboard */ = {
			isa = PBXVariantGroup;
			children = (
				9D3EF3262267D6E100393FC1 /* Base */,
			);
			name = LaunchScreen.storyboard;
			sourceTree = "<group>";
		};
/* End PBXVariantGroup section */

/* Begin XCBuildConfiguration section */
		9D3EF3342267D6E100393FC1 /* Debug */ = {
			isa = XCBuildConfiguration;
			buildSettings = {
				ALWAYS_SEARCH_USER_PATHS = NO;
				CLANG_ANALYZER_NONNULL = YES;
				CLANG_ANALYZER_NUMBER_OBJECT_CONVERSION = YES_AGGRESSIVE;
				CLANG_CXX_LANGUAGE_STANDARD = "gnu++14";
				CLANG_CXX_LIBRARY = "libc++";
				CLANG_ENABLE_MODULES = YES;
				CLANG_ENABLE_OBJC_ARC = YES;
				CLANG_ENABLE_OBJC_WEAK = YES;
				CLANG_WARN_BLOCK_CAPTURE_AUTORELEASING = YES;
				CLANG_WARN_BOOL_CONVERSION = YES;
				CLANG_WARN_COMMA = YES;
				CLANG_WARN_CONSTANT_CONVERSION = YES;
				CLANG_WARN_DEPRECATED_OBJC_IMPLEMENTATIONS = YES;
				CLANG_WARN_DIRECT_OBJC_ISA_USAGE = YES_ERROR;
				CLANG_WARN_DOCUMENTATION_COMMENTS = YES;
				CLANG_WARN_EMPTY_BODY = YES;
				CLANG_WARN_ENUM_CONVERSION = YES;
				CLANG_WARN_INFINITE_RECURSION = YES;
				CLANG_WARN_INT_CONVERSION = YES;
				CLANG_WARN_NON_LITERAL_NULL_CONVERSION = YES;
				CLANG_WARN_OBJC_IMPLICIT_RETAIN_SELF = YES;
				CLANG_WARN_OBJC_LITERAL_CONVERSION = YES;
				CLANG_WARN_OBJC_ROOT_CLASS = YES_ERROR;
				CLANG_WARN_RANGE_LOOP_ANALYSIS = YES;
				CLANG_WARN_STRICT_PROTOTYPES = YES;
				CLANG_WARN_SUSPICIOUS_MOVE = YES;
				CLANG_WARN_UNGUARDED_AVAILABILITY = YES_AGGRESSIVE;
				CLANG_WARN_UNREACHABLE_CODE = YES;
				CLANG_WARN__DUPLICATE_METHOD_MATCH = YES;
				CODE_SIGN_IDENTITY = "iPhone Developer";
				COPY_PHASE_STRIP = NO;
				DEBUG_INFORMATION_FORMAT = dwarf;
				ENABLE_STRICT_OBJC_MSGSEND = YES;
				ENABLE_TESTABILITY = YES;
				GCC_C_LANGUAGE_STANDARD = gnu11;
				GCC_DYNAMIC_NO_PIC = NO;
				GCC_NO_COMMON_BLOCKS = YES;
				GCC_OPTIMIZATION_LEVEL = 0;
				GCC_PREPROCESSOR_DEFINITIONS = (
					"DEBUG=1",
					"$(inherited)",
				);
				GCC_WARN_64_TO_32_BIT_CONVERSION = YES;
				GCC_WARN_ABOUT_RETURN_TYPE = YES_ERROR;
				GCC_WARN_UNDECLARED_SELECTOR = YES;
				GCC_WARN_UNINITIALIZED_AUTOS = YES_AGGRESSIVE;
				GCC_WARN_UNUSED_FUNCTION = YES;
				GCC_WARN_UNUSED_VARIABLE = YES;
				IPHONEOS_DEPLOYMENT_TARGET = 12.2;
				MTL_ENABLE_DEBUG_INFO = INCLUDE_SOURCE;
				MTL_FAST_MATH = YES;
				ONLY_ACTIVE_ARCH = YES;
				SDKROOT = iphoneos;
				SWIFT_ACTIVE_COMPILATION_CONDITIONS = DEBUG;
				SWIFT_OPTIMIZATION_LEVEL = "-Onone";
			};
			name = Debug;
		};
		9D3EF3352267D6E100393FC1 /* Release */ = {
			isa = XCBuildConfiguration;
			buildSettings = {
				ALWAYS_SEARCH_USER_PATHS = NO;
				CLANG_ANALYZER_NONNULL = YES;
				CLANG_ANALYZER_NUMBER_OBJECT_CONVERSION = YES_AGGRESSIVE;
				CLANG_CXX_LANGUAGE_STANDARD = "gnu++14";
				CLANG_CXX_LIBRARY = "libc++";
				CLANG_ENABLE_MODULES = YES;
				CLANG_ENABLE_OBJC_ARC = YES;
				CLANG_ENABLE_OBJC_WEAK = YES;
				CLANG_WARN_BLOCK_CAPTURE_AUTORELEASING = YES;
				CLANG_WARN_BOOL_CONVERSION = YES;
				CLANG_WARN_COMMA = YES;
				CLANG_WARN_CONSTANT_CONVERSION = YES;
				CLANG_WARN_DEPRECATED_OBJC_IMPLEMENTATIONS = YES;
				CLANG_WARN_DIRECT_OBJC_ISA_USAGE = YES_ERROR;
				CLANG_WARN_DOCUMENTATION_COMMENTS = YES;
				CLANG_WARN_EMPTY_BODY = YES;
				CLANG_WARN_ENUM_CONVERSION = YES;
				CLANG_WARN_INFINITE_RECURSION = YES;
				CLANG_WARN_INT_CONVERSION = YES;
				CLANG_WARN_NON_LITERAL_NULL_CONVERSION = YES;
				CLANG_WARN_OBJC_IMPLICIT_RETAIN_SELF = YES;
				CLANG_WARN_OBJC_LITERAL_CONVERSION = YES;
				CLANG_WARN_OBJC_ROOT_CLASS = YES_ERROR;
				CLANG_WARN_RANGE_LOOP_ANALYSIS = YES;
				CLANG_WARN_STRICT_PROTOTYPES = YES;
				CLANG_WARN_SUSPICIOUS_MOVE = YES;
				CLANG_WARN_UNGUARDED_AVAILABILITY = YES_AGGRESSIVE;
				CLANG_WARN_UNREACHABLE_CODE = YES;
				CLANG_WARN__DUPLICATE_METHOD_MATCH = YES;
				CODE_SIGN_IDENTITY = "iPhone Developer";
				COPY_PHASE_STRIP = NO;
				DEBUG_INFORMATION_FORMAT = "dwarf-with-dsym";
				ENABLE_NS_ASSERTIONS = NO;
				ENABLE_STRICT_OBJC_MSGSEND = YES;
				GCC_C_LANGUAGE_STANDARD = gnu11;
				GCC_NO_COMMON_BLOCKS = YES;
				GCC_WARN_64_TO_32_BIT_CONVERSION = YES;
				GCC_WARN_ABOUT_RETURN_TYPE = YES_ERROR;
				GCC_WARN_UNDECLARED_SELECTOR = YES;
				GCC_WARN_UNINITIALIZED_AUTOS = YES_AGGRESSIVE;
				GCC_WARN_UNUSED_FUNCTION = YES;
				GCC_WARN_UNUSED_VARIABLE = YES;
				IPHONEOS_DEPLOYMENT_TARGET = 12.2;
				MTL_ENABLE_DEBUG_INFO = NO;
				MTL_FAST_MATH = YES;
				SDKROOT = iphoneos;
				SWIFT_COMPILATION_MODE = wholemodule;
				SWIFT_OPTIMIZATION_LEVEL = "-O";
				VALIDATE_PRODUCT = YES;
			};
			name = Release;
		};
		9D3EF3372267D6E100393FC1 /* Debug */ = {
			isa = XCBuildConfiguration;
			buildSettings = {
				ASSETCATALOG_COMPILER_APPICON_NAME = AppIcon;
				CODE_SIGN_STYLE = Automatic;
				DEVELOPMENT_TEAM = H2983HKDVJ;
				INFOPLIST_FILE = POPinOffWithTesting/Info.plist;
				LD_RUNPATH_SEARCH_PATHS = (
					"$(inherited)",
					"@executable_path/Frameworks",
				);
				PRODUCT_BUNDLE_IDENTIFIER = chefski.POPinOffWithTesting;
				PRODUCT_NAME = "$(TARGET_NAME)";
				SWIFT_VERSION = 5.0;
				TARGETED_DEVICE_FAMILY = "1,2";
			};
			name = Debug;
		};
		9D3EF3382267D6E100393FC1 /* Release */ = {
			isa = XCBuildConfiguration;
			buildSettings = {
				ASSETCATALOG_COMPILER_APPICON_NAME = AppIcon;
				CODE_SIGN_STYLE = Automatic;
				DEVELOPMENT_TEAM = H2983HKDVJ;
				INFOPLIST_FILE = POPinOffWithTesting/Info.plist;
				LD_RUNPATH_SEARCH_PATHS = (
					"$(inherited)",
					"@executable_path/Frameworks",
				);
				PRODUCT_BUNDLE_IDENTIFIER = chefski.POPinOffWithTesting;
				PRODUCT_NAME = "$(TARGET_NAME)";
				SWIFT_VERSION = 5.0;
				TARGETED_DEVICE_FAMILY = "1,2";
			};
			name = Release;
		};
		9D3EF33A2267D6E100393FC1 /* Debug */ = {
			isa = XCBuildConfiguration;
			buildSettings = {
				ALWAYS_EMBED_SWIFT_STANDARD_LIBRARIES = YES;
				BUNDLE_LOADER = "$(TEST_HOST)";
				CODE_SIGN_STYLE = Automatic;
				INFOPLIST_FILE = POPinOffWithTestingTests/Info.plist;
				LD_RUNPATH_SEARCH_PATHS = (
					"$(inherited)",
					"@executable_path/Frameworks",
					"@loader_path/Frameworks",
				);
				PRODUCT_BUNDLE_IDENTIFIER = chefski.POPinOffWithTestingTests;
				PRODUCT_NAME = "$(TARGET_NAME)";
				SWIFT_VERSION = 5.0;
				TARGETED_DEVICE_FAMILY = "1,2";
				TEST_HOST = "$(BUILT_PRODUCTS_DIR)/POPinOffWithTesting.app/POPinOffWithTesting";
			};
			name = Debug;
		};
		9D3EF33B2267D6E100393FC1 /* Release */ = {
			isa = XCBuildConfiguration;
			buildSettings = {
				ALWAYS_EMBED_SWIFT_STANDARD_LIBRARIES = YES;
				BUNDLE_LOADER = "$(TEST_HOST)";
				CODE_SIGN_STYLE = Automatic;
				INFOPLIST_FILE = POPinOffWithTestingTests/Info.plist;
				LD_RUNPATH_SEARCH_PATHS = (
					"$(inherited)",
					"@executable_path/Frameworks",
					"@loader_path/Frameworks",
				);
				PRODUCT_BUNDLE_IDENTIFIER = chefski.POPinOffWithTestingTests;
				PRODUCT_NAME = "$(TARGET_NAME)";
				SWIFT_VERSION = 5.0;
				TARGETED_DEVICE_FAMILY = "1,2";
				TEST_HOST = "$(BUILT_PRODUCTS_DIR)/POPinOffWithTesting.app/POPinOffWithTesting";
			};
			name = Release;
		};
/* End XCBuildConfiguration section */

/* Begin XCConfigurationList section */
		9D3EF3142267D6E000393FC1 /* Build configuration list for PBXProject "POPinOffWithTesting" */ = {
			isa = XCConfigurationList;
			buildConfigurations = (
				9D3EF3342267D6E100393FC1 /* Debug */,
				9D3EF3352267D6E100393FC1 /* Release */,
			);
			defaultConfigurationIsVisible = 0;
			defaultConfigurationName = Release;
		};
		9D3EF3362267D6E100393FC1 /* Build configuration list for PBXNativeTarget "POPinOffWithTesting" */ = {
			isa = XCConfigurationList;
			buildConfigurations = (
				9D3EF3372267D6E100393FC1 /* Debug */,
				9D3EF3382267D6E100393FC1 /* Release */,
			);
			defaultConfigurationIsVisible = 0;
			defaultConfigurationName = Release;
		};
		9D3EF3392267D6E100393FC1 /* Build configuration list for PBXNativeTarget "POPinOffWithTestingTests" */ = {
			isa = XCConfigurationList;
			buildConfigurations = (
				9D3EF33A2267D6E100393FC1 /* Debug */,
				9D3EF33B2267D6E100393FC1 /* Release */,
			);
			defaultConfigurationIsVisible = 0;
			defaultConfigurationName = Release;
		};
/* End XCConfigurationList section */
	};
	rootObject = 9D3EF3112267D6E000393FC1 /* Project object */;
}
